# This file is automatically @generated by Cargo.
# It is not intended for manual editing.
version = 4

[[package]]
name = "stift-app"
version = "0.0.0"
dependencies = [
 "stift-compositor",
 "stift-core",
 "stift-renderer",
 "stift-storage",
]

[[package]]
name = "stift-compositor"
version = "0.0.0"
dependencies = [
 "stift-core",
]

[[package]]
name = "stift-core"
version = "0.0.0"

[[package]]
name = "stift-renderer"
version = "0.0.0"
dependencies = [
 "stift-core",
]

[[package]]
name = "stift-storage"
version = "0.0.0"
dependencies = [
 "stift-core",
]
